// !$*UTF8*$!
{
	archiveVersion = 1;
	classes = {
	};
	objectVersion = 56;
	objects = {

/* Begin PBXBuildFile section */
		A63620A9292F6A38003D3138 /* sumApp.swift in Sources */ = {isa = PBXBuildFile; fileRef = A63620A8292F6A38003D3138 /* sumApp.swift */; };
		A63620AB292F6A38003D3138 /* ContentView.swift in Sources */ = {isa = PBXBuildFile; fileRef = A63620AA292F6A38003D3138 /* ContentView.swift */; };
		A63620AD292F6A3A003D3138 /* Assets.xcassets in Resources */ = {isa = PBXBuildFile; fileRef = A63620AC292F6A3A003D3138 /* Assets.xcassets */; };
		A63620B0292F6A3A003D3138 /* Preview Assets.xcassets in Resources */ = {isa = PBXBuildFile; fileRef = A63620AF292F6A3A003D3138 /* Preview Assets.xcassets */; };
		A63620BA292F6A3A003D3138 /* sumTests.swift in Sources */ = {isa = PBXBuildFile; fileRef = A63620B9292F6A3A003D3138 /* sumTests.swift */; };
		A63620C4292F6A3A003D3138 /* sumUITests.swift in Sources */ = {isa = PBXBuildFile; fileRef = A63620C3292F6A3A003D3138 /* sumUITests.swift */; };
		A63620C6292F6A3A003D3138 /* sumUITestsLaunchTests.swift in Sources */ = {isa = PBXBuildFile; fileRef = A63620C5292F6A3A003D3138 /* sumUITestsLaunchTests.swift */; };
/* End PBXBuildFile section */

/* Begin PBXContainerItemProxy section */
		A63620B6292F6A3A003D3138 /* PBXContainerItemProxy */ = {
			isa = PBXContainerItemProxy;
			containerPortal = A636209D292F6A38003D3138 /* Project object */;
			proxyType = 1;
			remoteGlobalIDString = A63620A4292F6A38003D3138;
			remoteInfo = sum;
		};
		A63620C0292F6A3A003D3138 /* PBXContainerItemProxy */ = {
			isa = PBXContainerItemProxy;
			containerPortal = A636209D292F6A38003D3138 /* Project object */;
			proxyType = 1;
			remoteGlobalIDString = A63620A4292F6A38003D3138;
			remoteInfo = sum;
		};
/* End PBXContainerItemProxy section */

/* Begin PBXFileReference section */
		A63620A5292F6A38003D3138 /* sum.app */ = {isa = PBXFileReference; explicitFileType = wrapper.application; includeInIndex = 0; path = sum.app; sourceTree = BUILT_PRODUCTS_DIR; };
		A63620A8292F6A38003D3138 /* sumApp.swift */ = {isa = PBXFileReference; lastKnownFileType = sourcecode.swift; path = sumApp.swift; sourceTree = "<group>"; };
		A63620AA292F6A38003D3138 /* ContentView.swift */ = {isa = PBXFileReference; lastKnownFileType = sourcecode.swift; path = ContentView.swift; sourceTree = "<group>"; };
		A63620AC292F6A3A003D3138 /* Assets.xcassets */ = {isa = PBXFileReference; lastKnownFileType = folder.assetcatalog; path = Assets.xcassets; sourceTree = "<group>"; };
		A63620AF292F6A3A003D3138 /* Preview Assets.xcassets */ = {isa = PBXFileReference; lastKnownFileType = folder.assetcatalog; path = "Preview Assets.xcassets"; sourceTree = "<group>"; };
		A63620B5292F6A3A003D3138 /* sumTests.xctest */ = {isa = PBXFileReference; explicitFileType = wrapper.cfbundle; includeInIndex = 0; path = sumTests.xctest; sourceTree = BUILT_PRODUCTS_DIR; };
		A63620B9292F6A3A003D3138 /* sumTests.swift */ = {isa = PBXFileReference; lastKnownFileType = sourcecode.swift; path = sumTests.swift; sourceTree = "<group>"; };
		A63620BF292F6A3A003D3138 /* sumUITests.xctest */ = {isa = PBXFileReference; explicitFileType = wrapper.cfbundle; includeInIndex = 0; path = sumUITests.xctest; sourceTree = BUILT_PRODUCTS_DIR; };
		A63620C3292F6A3A003D3138 /* sumUITests.swift */ = {isa = PBXFileReference; lastKnownFileType = sourcecode.swift; path = sumUITests.swift; sourceTree = "<group>"; };
		A63620C5292F6A3A003D3138 /* sumUITestsLaunchTests.swift */ = {isa = PBXFileReference; lastKnownFileType = sourcecode.swift; path = sumUITestsLaunchTests.swift; sourceTree = "<group>"; };
/* End PBXFileReference section */

/* Begin PBXFrameworksBuildPhase section */
		A63620A2292F6A38003D3138 /* Frameworks */ = {
			isa = PBXFrameworksBuildPhase;
			buildActionMask = 2147483647;
			files = (
			);
			runOnlyForDeploymentPostprocessing = 0;
		};
		A63620B2292F6A3A003D3138 /* Frameworks */ = {
			isa = PBXFrameworksBuildPhase;
			buildActionMask = 2147483647;
			files = (
			);
			runOnlyForDeploymentPostprocessing = 0;
		};
		A63620BC292F6A3A003D3138 /* Frameworks */ = {
			isa = PBXFrameworksBuildPhase;
			buildActionMask = 2147483647;
			files = (
			);
			runOnlyForDeploymentPostprocessing = 0;
		};
/* End PBXFrameworksBuildPhase section */

/* Begin PBXGroup section */
		A636209C292F6A38003D3138 = {
			isa = PBXGroup;
			children = (
				A63620A7292F6A38003D3138 /* sum */,
				A63620B8292F6A3A003D3138 /* sumTests */,
				A63620C2292F6A3A003D3138 /* sumUITests */,
				A63620A6292F6A38003D3138 /* Products */,
			);
			sourceTree = "<group>";
		};
		A63620A6292F6A38003D3138 /* Products */ = {
			isa = PBXGroup;
			children = (
				A63620A5292F6A38003D3138 /* sum.app */,
				A63620B5292F6A3A003D3138 /* sumTests.xctest */,
				A63620BF292F6A3A003D3138 /* sumUITests.xctest */,
			);
			name = Products;
			sourceTree = "<group>";
		};
		A63620A7292F6A38003D3138 /* sum */ = {
			isa = PBXGroup;
			children = (
				A63620A8292F6A38003D3138 /* sumApp.swift */,
				A63620AA292F6A38003D3138 /* ContentView.swift */,
				A63620AC292F6A3A003D3138 /* Assets.xcassets */,
				A63620AE292F6A3A003D3138 /* Preview Content */,
			);
			path = sum;
			sourceTree = "<group>";
		};
		A63620AE292F6A3A003D3138 /* Preview Content */ = {
			isa = PBXGroup;
			children = (
				A63620AF292F6A3A003D3138 /* Preview Assets.xcassets */,
			);
			path = "Preview Content";
			sourceTree = "<group>";
		};
		A63620B8292F6A3A003D3138 /* sumTests */ = {
			isa = PBXGroup;
			children = (
				A63620B9292F6A3A003D3138 /* sumTests.swift */,
			);
			path = sumTests;
			sourceTree = "<group>";
		};
		A63620C2292F6A3A003D3138 /* sumUITests */ = {
			isa = PBXGroup;
			children = (
				A63620C3292F6A3A003D3138 /* sumUITests.swift */,
				A63620C5292F6A3A003D3138 /* sumUITestsLaunchTests.swift */,
			);
			path = sumUITests;
			sourceTree = "<group>";
		};
/* End PBXGroup section */

/* Begin PBXNativeTarget section */
		A63620A4292F6A38003D3138 /* sum */ = {
			isa = PBXNativeTarget;
			buildConfigurationList = A63620C9292F6A3A003D3138 /* Build configuration list for PBXNativeTarget "sum" */;
			buildPhases = (
				A63620A1292F6A38003D3138 /* Sources */,
				A63620A2292F6A38003D3138 /* Frameworks */,
				A63620A3292F6A38003D3138 /* Resources */,
			);
			buildRules = (
			);
			dependencies = (
			);
			name = sum;
			productName = sum;
			productReference = A63620A5292F6A38003D3138 /* sum.app */;
			productType = "com.apple.product-type.application";
		};
		A63620B4292F6A3A003D3138 /* sumTests */ = {
			isa = PBXNativeTarget;
			buildConfigurationList = A63620CC292F6A3A003D3138 /* Build configuration list for PBXNativeTarget "sumTests" */;
			buildPhases = (
				A63620B1292F6A3A003D3138 /* Sources */,
				A63620B2292F6A3A003D3138 /* Frameworks */,
				A63620B3292F6A3A003D3138 /* Resources */,
			);
			buildRules = (
			);
			dependencies = (
				A63620B7292F6A3A003D3138 /* PBXTargetDependency */,
			);
			name = sumTests;
			productName = sumTests;
			productReference = A63620B5292F6A3A003D3138 /* sumTests.xctest */;
			productType = "com.apple.product-type.bundle.unit-test";
		};
		A63620BE292F6A3A003D3138 /* sumUITests */ = {
			isa = PBXNativeTarget;
			buildConfigurationList = A63620CF292F6A3A003D3138 /* Build configuration list for PBXNativeTarget "sumUITests" */;
			buildPhases = (
				A63620BB292F6A3A003D3138 /* Sources */,
				A63620BC292F6A3A003D3138 /* Frameworks */,
				A63620BD292F6A3A003D3138 /* Resources */,
			);
			buildRules = (
			);
			dependencies = (
				A63620C1292F6A3A003D3138 /* PBXTargetDependency */,
			);
			name = sumUITests;
			productName = sumUITests;
			productReference = A63620BF292F6A3A003D3138 /* sumUITests.xctest */;
			productType = "com.apple.product-type.bundle.ui-testing";
		};
/* End PBXNativeTarget section */

/* Begin PBXProject section */
		A636209D292F6A38003D3138 /* Project object */ = {
			isa = PBXProject;
			attributes = {
				BuildIndependentTargetsInParallel = 1;
				LastSwiftUpdateCheck = 1410;
				LastUpgradeCheck = 1410;
				TargetAttributes = {
					A63620A4292F6A38003D3138 = {
						CreatedOnToolsVersion = 14.1;
					};
					A63620B4292F6A3A003D3138 = {
						CreatedOnToolsVersion = 14.1;
						TestTargetID = A63620A4292F6A38003D3138;
					};
					A63620BE292F6A3A003D3138 = {
						CreatedOnToolsVersion = 14.1;
						TestTargetID = A63620A4292F6A38003D3138;
					};
				};
			};
			buildConfigurationList = A63620A0292F6A38003D3138 /* Build configuration list for PBXProject "sum" */;
			compatibilityVersion = "Xcode 14.0";
			developmentRegion = en;
			hasScannedForEncodings = 0;
			knownRegions = (
				en,
				Base,
			);
			mainGroup = A636209C292F6A38003D3138;
			productRefGroup = A63620A6292F6A38003D3138 /* Products */;
			projectDirPath = "";
			projectRoot = "";
			targets = (
				A63620A4292F6A38003D3138 /* sum */,
				A63620B4292F6A3A003D3138 /* sumTests */,
				A63620BE292F6A3A003D3138 /* sumUITests */,
			);
		};
/* End PBXProject section */

/* Begin PBXResourcesBuildPhase section */
		A63620A3292F6A38003D3138 /* Resources */ = {
			isa = PBXResourcesBuildPhase;
			buildActionMask = 2147483647;
			files = (
				A63620B0292F6A3A003D3138 /* Preview Assets.xcassets in Resources */,
				A63620AD292F6A3A003D3138 /* Assets.xcassets in Resources */,
			);
			runOnlyForDeploymentPostprocessing = 0;
		};
		A63620B3292F6A3A003D3138 /* Resources */ = {
			isa = PBXResourcesBuildPhase;
			buildActionMask = 2147483647;
			files = (
			);
			runOnlyForDeploymentPostprocessing = 0;
		};
		A63620BD292F6A3A003D3138 /* Resources */ = {
			isa = PBXResourcesBuildPhase;
			buildActionMask = 2147483647;
			files = (
			);
			runOnlyForDeploymentPostprocessing = 0;
		};
/* End PBXResourcesBuildPhase section */

/* Begin PBXSourcesBuildPhase section */
		A63620A1292F6A38003D3138 /* Sources */ = {
			isa = PBXSourcesBuildPhase;
			buildActionMask = 2147483647;
			files = (
				A63620AB292F6A38003D3138 /* ContentView.swift in Sources */,
				A63620A9292F6A38003D3138 /* sumApp.swift in Sources */,
			);
			runOnlyForDeploymentPostprocessing = 0;
		};
		A63620B1292F6A3A003D3138 /* Sources */ = {
			isa = PBXSourcesBuildPhase;
			buildActionMask = 2147483647;
			files = (
				A63620BA292F6A3A003D3138 /* sumTests.swift in Sources */,
			);
			runOnlyForDeploymentPostprocessing = 0;
		};
		A63620BB292F6A3A003D3138 /* Sources */ = {
			isa = PBXSourcesBuildPhase;
			buildActionMask = 2147483647;
			files = (
				A63620C6292F6A3A003D3138 /* sumUITestsLaunchTests.swift in Sources */,
				A63620C4292F6A3A003D3138 /* sumUITests.swift in Sources */,
			);
			runOnlyForDeploymentPostprocessing = 0;
		};
/* End PBXSourcesBuildPhase section */

/* Begin PBXTargetDependency section */
		A63620B7292F6A3A003D3138 /* PBXTargetDependency */ = {
			isa = PBXTargetDependency;
			target = A63620A4292F6A38003D3138 /* sum */;
			targetProxy = A63620B6292F6A3A003D3138 /* PBXContainerItemProxy */;
		};
		A63620C1292F6A3A003D3138 /* PBXTargetDependency */ = {
			isa = PBXTargetDependency;
			target = A63620A4292F6A38003D3138 /* sum */;
			targetProxy = A63620C0292F6A3A003D3138 /* PBXContainerItemProxy */;
		};
/* End PBXTargetDependency section */

/* Begin XCBuildConfiguration section */
		A63620C7292F6A3A003D3138 /* Debug */ = {
			isa = XCBuildConfiguration;
			buildSettings = {
				ALWAYS_SEARCH_USER_PATHS = NO;
				CLANG_ANALYZER_NONNULL = YES;
				CLANG_ANALYZER_NUMBER_OBJECT_CONVERSION = YES_AGGRESSIVE;
				CLANG_CXX_LANGUAGE_STANDARD = "gnu++20";
				CLANG_ENABLE_MODULES = YES;
				CLANG_ENABLE_OBJC_ARC = YES;
				CLANG_ENABLE_OBJC_WEAK = YES;
				CLANG_WARN_BLOCK_CAPTURE_AUTORELEASING = YES;
				CLANG_WARN_BOOL_CONVERSION = YES;
				CLANG_WARN_COMMA = YES;
				CLANG_WARN_CONSTANT_CONVERSION = YES;
				CLANG_WARN_DEPRECATED_OBJC_IMPLEMENTATIONS = YES;
				CLANG_WARN_DIRECT_OBJC_ISA_USAGE = YES_ERROR;
				CLANG_WARN_DOCUMENTATION_COMMENTS = YES;
				CLANG_WARN_EMPTY_BODY = YES;
				CLANG_WARN_ENUM_CONVERSION = YES;
				CLANG_WARN_INFINITE_RECURSION = YES;
				CLANG_WARN_INT_CONVERSION = YES;
				CLANG_WARN_NON_LITERAL_NULL_CONVERSION = YES;
				CLANG_WARN_OBJC_IMPLICIT_RETAIN_SELF = YES;
				CLANG_WARN_OBJC_LITERAL_CONVERSION = YES;
				CLANG_WARN_OBJC_ROOT_CLASS = YES_ERROR;
				CLANG_WARN_QUOTED_INCLUDE_IN_FRAMEWORK_HEADER = YES;
				CLANG_WARN_RANGE_LOOP_ANALYSIS = YES;
				CLANG_WARN_STRICT_PROTOTYPES = YES;
				CLANG_WARN_SUSPICIOUS_MOVE = YES;
				CLANG_WARN_UNGUARDED_AVAILABILITY = YES_AGGRESSIVE;
				CLANG_WARN_UNREACHABLE_CODE = YES;
				CLANG_WARN__DUPLICATE_METHOD_MATCH = YES;
				COPY_PHASE_STRIP = NO;
				DEBUG_INFORMATION_FORMAT = dwarf;
				ENABLE_STRICT_OBJC_MSGSEND = YES;
				ENABLE_TESTABILITY = YES;
				GCC_C_LANGUAGE_STANDARD = gnu11;
				GCC_DYNAMIC_NO_PIC = NO;
				GCC_NO_COMMON_BLOCKS = YES;
				GCC_OPTIMIZATION_LEVEL = 0;
				GCC_PREPROCESSOR_DEFINITIONS = (
					"DEBUG=1",
					"$(inherited)",
				);
				GCC_WARN_64_TO_32_BIT_CONVERSION = YES;
				GCC_WARN_ABOUT_RETURN_TYPE = YES_ERROR;
				GCC_WARN_UNDECLARED_SELECTOR = YES;
				GCC_WARN_UNINITIALIZED_AUTOS = YES_AGGRESSIVE;
				GCC_WARN_UNUSED_FUNCTION = YES;
				GCC_WARN_UNUSED_VARIABLE = YES;
				IPHONEOS_DEPLOYMENT_TARGET = 16.1;
				MTL_ENABLE_DEBUG_INFO = INCLUDE_SOURCE;
				MTL_FAST_MATH = YES;
				ONLY_ACTIVE_ARCH = YES;
				SDKROOT = iphoneos;
				SWIFT_ACTIVE_COMPILATION_CONDITIONS = DEBUG;
				SWIFT_OPTIMIZATION_LEVEL = "-Onone";
			};
			name = Debug;
		};
		A63620C8292F6A3A003D3138 /* Release */ = {
			isa = XCBuildConfiguration;
			buildSettings = {
				ALWAYS_SEARCH_USER_PATHS = NO;
				CLANG_ANALYZER_NONNULL = YES;
				CLANG_ANALYZER_NUMBER_OBJECT_CONVERSION = YES_AGGRESSIVE;
				CLANG_CXX_LANGUAGE_STANDARD = "gnu++20";
				CLANG_ENABLE_MODULES = YES;
				CLANG_ENABLE_OBJC_ARC = YES;
				CLANG_ENABLE_OBJC_WEAK = YES;
				CLANG_WARN_BLOCK_CAPTURE_AUTORELEASING = YES;
				CLANG_WARN_BOOL_CONVERSION = YES;
				CLANG_WARN_COMMA = YES;
				CLANG_WARN_CONSTANT_CONVERSION = YES;
				CLANG_WARN_DEPRECATED_OBJC_IMPLEMENTATIONS = YES;
				CLANG_WARN_DIRECT_OBJC_ISA_USAGE = YES_ERROR;
				CLANG_WARN_DOCUMENTATION_COMMENTS = YES;
				CLANG_WARN_EMPTY_BODY = YES;
				CLANG_WARN_ENUM_CONVERSION = YES;
				CLANG_WARN_INFINITE_RECURSION = YES;
				CLANG_WARN_INT_CONVERSION = YES;
				CLANG_WARN_NON_LITERAL_NULL_CONVERSION = YES;
				CLANG_WARN_OBJC_IMPLICIT_RETAIN_SELF = YES;
				CLANG_WARN_OBJC_LITERAL_CONVERSION = YES;
				CLANG_WARN_OBJC_ROOT_CLASS = YES_ERROR;
				CLANG_WARN_QUOTED_INCLUDE_IN_FRAMEWORK_HEADER = YES;
				CLANG_WARN_RANGE_LOOP_ANALYSIS = YES;
				CLANG_WARN_STRICT_PROTOTYPES = YES;
				CLANG_WARN_SUSPICIOUS_MOVE = YES;
				CLANG_WARN_UNGUARDED_AVAILABILITY = YES_AGGRESSIVE;
				CLANG_WARN_UNREACHABLE_CODE = YES;
				CLANG_WARN__DUPLICATE_METHOD_MATCH = YES;
				COPY_PHASE_STRIP = NO;
				DEBUG_INFORMATION_FORMAT = "dwarf-with-dsym";
				ENABLE_NS_ASSERTIONS = NO;
				ENABLE_STRICT_OBJC_MSGSEND = YES;
				GCC_C_LANGUAGE_STANDARD = gnu11;
				GCC_NO_COMMON_BLOCKS = YES;
				GCC_WARN_64_TO_32_BIT_CONVERSION = YES;
				GCC_WARN_ABOUT_RETURN_TYPE = YES_ERROR;
				GCC_WARN_UNDECLARED_SELECTOR = YES;
				GCC_WARN_UNINITIALIZED_AUTOS = YES_AGGRESSIVE;
				GCC_WARN_UNUSED_FUNCTION = YES;
				GCC_WARN_UNUSED_VARIABLE = YES;
				IPHONEOS_DEPLOYMENT_TARGET = 16.1;
				MTL_ENABLE_DEBUG_INFO = NO;
				MTL_FAST_MATH = YES;
				SDKROOT = iphoneos;
				SWIFT_COMPILATION_MODE = wholemodule;
				SWIFT_OPTIMIZATION_LEVEL = "-O";
				VALIDATE_PRODUCT = YES;
			};
			name = Release;
		};
		A63620CA292F6A3A003D3138 /* Debug */ = {
			isa = XCBuildConfiguration;
			buildSettings = {
				ASSETCATALOG_COMPILER_APPICON_NAME = AppIcon;
				ASSETCATALOG_COMPILER_GLOBAL_ACCENT_COLOR_NAME = AccentColor;
				CODE_SIGN_STYLE = Automatic;
				CURRENT_PROJECT_VERSION = 1;
				DEVELOPMENT_ASSET_PATHS = "\"sum/Preview Content\"";
				DEVELOPMENT_TEAM = TKBTY57PNQ;
				ENABLE_PREVIEWS = YES;
				GENERATE_INFOPLIST_FILE = YES;
				INFOPLIST_KEY_UIApplicationSceneManifest_Generation = YES;
				INFOPLIST_KEY_UIApplicationSupportsIndirectInputEvents = YES;
				INFOPLIST_KEY_UILaunchScreen_Generation = YES;
				INFOPLIST_KEY_UISupportedInterfaceOrientations_iPad = "UIInterfaceOrientationPortrait UIInterfaceOrientationPortraitUpsideDown UIInterfaceOrientationLandscapeLeft UIInterfaceOrientationLandscapeRight";
				INFOPLIST_KEY_UISupportedInterfaceOrientations_iPhone = "UIInterfaceOrientationPortrait UIInterfaceOrientationLandscapeLeft UIInterfaceOrientationLandscapeRight";
				LD_RUNPATH_SEARCH_PATHS = (
					"$(inherited)",
					"@executable_path/Frameworks",
				);
				MARKETING_VERSION = 1.0;
				PRODUCT_BUNDLE_IDENTIFIER = com.training.sum;
				PRODUCT_NAME = "$(TARGET_NAME)";
				SWIFT_EMIT_LOC_STRINGS = YES;
				SWIFT_VERSION = 5.0;
				TARGETED_DEVICE_FAMILY = "1,2";
			};
			name = Debug;
		};
		A63620CB292F6A3A003D3138 /* Release */ = {
			isa = XCBuildConfiguration;
			buildSettings = {
				ASSETCATALOG_COMPILER_APPICON_NAME = AppIcon;
				ASSETCATALOG_COMPILER_GLOBAL_ACCENT_COLOR_NAME = AccentColor;
				CODE_SIGN_STYLE = Automatic;
				CURRENT_PROJECT_VERSION = 1;
				DEVELOPMENT_ASSET_PATHS = "\"sum/Preview Content\"";
				DEVELOPMENT_TEAM = TKBTY57PNQ;
				ENABLE_PREVIEWS = YES;
				GENERATE_INFOPLIST_FILE = YES;
				INFOPLIST_KEY_UIApplicationSceneManifest_Generation = YES;
				INFOPLIST_KEY_UIApplicationSupportsIndirectInputEvents = YES;
				INFOPLIST_KEY_UILaunchScreen_Generation = YES;
				INFOPLIST_KEY_UISupportedInterfaceOrientations_iPad = "UIInterfaceOrientationPortrait UIInterfaceOrientationPortraitUpsideDown UIInterfaceOrientationLandscapeLeft UIInterfaceOrientationLandscapeRight";
				INFOPLIST_KEY_UISupportedInterfaceOrientations_iPhone = "UIInterfaceOrientationPortrait UIInterfaceOrientationLandscapeLeft UIInterfaceOrientationLandscapeRight";
				LD_RUNPATH_SEARCH_PATHS = (
					"$(inherited)",
					"@executable_path/Frameworks",
				);
				MARKETING_VERSION = 1.0;
				PRODUCT_BUNDLE_IDENTIFIER = com.training.sum;
				PRODUCT_NAME = "$(TARGET_NAME)";
				SWIFT_EMIT_LOC_STRINGS = YES;
				SWIFT_VERSION = 5.0;
				TARGETED_DEVICE_FAMILY = "1,2";
			};
			name = Release;
		};
		A63620CD292F6A3A003D3138 /* Debug */ = {
			isa = XCBuildConfiguration;
			buildSettings = {
				ALWAYS_EMBED_SWIFT_STANDARD_LIBRARIES = YES;
				BUNDLE_LOADER = "$(TEST_HOST)";
				CODE_SIGN_STYLE = Automatic;
				CURRENT_PROJECT_VERSION = 1;
				DEVELOPMENT_TEAM = TKBTY57PNQ;
				GENERATE_INFOPLIST_FILE = YES;
				IPHONEOS_DEPLOYMENT_TARGET = 16.1;
				MARKETING_VERSION = 1.0;
				PRODUCT_BUNDLE_IDENTIFIER = com.training.sumTests;
				PRODUCT_NAME = "$(TARGET_NAME)";
				SWIFT_EMIT_LOC_STRINGS = NO;
				SWIFT_VERSION = 5.0;
				TARGETED_DEVICE_FAMILY = "1,2";
				TEST_HOST = "$(BUILT_PRODUCTS_DIR)/sum.app/$(BUNDLE_EXECUTABLE_FOLDER_PATH)/sum";
			};
			name = Debug;
		};
		A63620CE292F6A3A003D3138 /* Release */ = {
			isa = XCBuildConfiguration;
			buildSettings = {
				ALWAYS_EMBED_SWIFT_STANDARD_LIBRARIES = YES;
				BUNDLE_LOADER = "$(TEST_HOST)";
				CODE_SIGN_STYLE = Automatic;
				CURRENT_PROJECT_VERSION = 1;
				DEVELOPMENT_TEAM = TKBTY57PNQ;
				GENERATE_INFOPLIST_FILE = YES;
				IPHONEOS_DEPLOYMENT_TARGET = 16.1;
				MARKETING_VERSION = 1.0;
				PRODUCT_BUNDLE_IDENTIFIER = com.training.sumTests;
				PRODUCT_NAME = "$(TARGET_NAME)";
				SWIFT_EMIT_LOC_STRINGS = NO;
				SWIFT_VERSION = 5.0;
				TARGETED_DEVICE_FAMILY = "1,2";
				TEST_HOST = "$(BUILT_PRODUCTS_DIR)/sum.app/$(BUNDLE_EXECUTABLE_FOLDER_PATH)/sum";
			};
			name = Release;
		};
		A63620D0292F6A3A003D3138 /* Debug */ = {
			isa = XCBuildConfiguration;
			buildSettings = {
				ALWAYS_EMBED_SWIFT_STANDARD_LIBRARIES = YES;
				CODE_SIGN_STYLE = Automatic;
				CURRENT_PROJECT_VERSION = 1;
				DEVELOPMENT_TEAM = TKBTY57PNQ;
				GENERATE_INFOPLIST_FILE = YES;
				MARKETING_VERSION = 1.0;
				PRODUCT_BUNDLE_IDENTIFIER = com.training.sumUITests;
				PRODUCT_NAME = "$(TARGET_NAME)";
				SWIFT_EMIT_LOC_STRINGS = NO;
				SWIFT_VERSION = 5.0;
				TARGETED_DEVICE_FAMILY = "1,2";
				TEST_TARGET_NAME = sum;
			};
			name = Debug;
		};
		A63620D1292F6A3A003D3138 /* Release */ = {
			isa = XCBuildConfiguration;
			buildSettings = {
				ALWAYS_EMBED_SWIFT_STANDARD_LIBRARIES = YES;
				CODE_SIGN_STYLE = Automatic;
				CURRENT_PROJECT_VERSION = 1;
				DEVELOPMENT_TEAM = TKBTY57PNQ;
				GENERATE_INFOPLIST_FILE = YES;
				MARKETING_VERSION = 1.0;
				PRODUCT_BUNDLE_IDENTIFIER = com.training.sumUITests;
				PRODUCT_NAME = "$(TARGET_NAME)";
				SWIFT_EMIT_LOC_STRINGS = NO;
				SWIFT_VERSION = 5.0;
				TARGETED_DEVICE_FAMILY = "1,2";
				TEST_TARGET_NAME = sum;
			};
			name = Release;
		};
/* End XCBuildConfiguration section */

/* Begin XCConfigurationList section */
		A63620A0292F6A38003D3138 /* Build configuration list for PBXProject "sum" */ = {
			isa = XCConfigurationList;
			buildConfigurations = (
				A63620C7292F6A3A003D3138 /* Debug */,
				A63620C8292F6A3A003D3138 /* Release */,
			);
			defaultConfigurationIsVisible = 0;
			defaultConfigurationName = Release;
		};
		A63620C9292F6A3A003D3138 /* Build configuration list for PBXNativeTarget "sum" */ = {
			isa = XCConfigurationList;
			buildConfigurations = (
				A63620CA292F6A3A003D3138 /* Debug */,
				A63620CB292F6A3A003D3138 /* Release */,
			);
			defaultConfigurationIsVisible = 0;
			defaultConfigurationName = Release;
		};
		A63620CC292F6A3A003D3138 /* Build configuration list for PBXNativeTarget "sumTests" */ = {
			isa = XCConfigurationList;
			buildConfigurations = (
				A63620CD292F6A3A003D3138 /* Debug */,
				A63620CE292F6A3A003D3138 /* Release */,
			);
			defaultConfigurationIsVisible = 0;
			defaultConfigurationName = Release;
		};
		A63620CF292F6A3A003D3138 /* Build configuration list for PBXNativeTarget "sumUITests" */ = {
			isa = XCConfigurationList;
			buildConfigurations = (
				A63620D0292F6A3A003D3138 /* Debug */,
				A63620D1292F6A3A003D3138 /* Release */,
			);
			defaultConfigurationIsVisible = 0;
			defaultConfigurationName = Release;
		};
/* End XCConfigurationList section */
	};
	rootObject = A636209D292F6A38003D3138 /* Project object */;
}
